
Microsoft Visual Studio Solution File, Format Version 12.00
# Visual Studio Version 16
VisualStudioVersion = 16.0.30114.105
MinimumVisualStudioVersion = 10.0.40219.1
Project("{F2A71F9B-5D33-465A-A702-920D77279786}") = "AdventOfCode", "AdventOfCode\AdventOfCode.fsproj", "{6224D7BC-7D49-4DCD-85A1-690EE368FAB4}"
EndProject
Project("{F2A71F9B-5D33-465A-A702-920D77279786}") = "AdventOfCode.Tests", "AdventOfCode.Tests\AdventOfCode.Tests.fsproj", "{239AB137-563A-40E2-ADD5-C2B657D8AFFD}"
EndProject
Global
	GlobalSection(SolutionConfigurationPlatforms) = preSolution
		Debug|Any CPU = Debug|Any CPU
		Release|Any CPU = Release|Any CPU
	EndGlobalSection
	GlobalSection(SolutionProperties) = preSolution
		HideSolutionNode = FALSE
	EndGlobalSection
	GlobalSection(ProjectConfigurationPlatforms) = postSolution
		{6224D7BC-7D49-4DCD-85A1-690EE368FAB4}.Debug|Any CPU.ActiveCfg = Debug|Any CPU
		{6224D7BC-7D49-4DCD-85A1-690EE368FAB4}.Debug|Any CPU.Build.0 = Debug|Any CPU
		{6224D7BC-7D49-4DCD-85A1-690EE368FAB4}.Release|Any CPU.ActiveCfg = Release|Any CPU
		{6224D7BC-7D49-4DCD-85A1-690EE368FAB4}.Release|Any CPU.Build.0 = Release|Any CPU
		{239AB137-563A-40E2-ADD5-C2B657D8AFFD}.Debug|Any CPU.ActiveCfg = Debug|Any CPU
		{239AB137-563A-40E2-ADD5-C2B657D8AFFD}.Debug|Any CPU.Build.0 = Debug|Any CPU
		{239AB137-563A-40E2-ADD5-C2B657D8AFFD}.Release|Any CPU.ActiveCfg = Release|Any CPU
		{239AB137-563A-40E2-ADD5-C2B657D8AFFD}.Release|Any CPU.Build.0 = Release|Any CPU
	EndGlobalSection
EndGlobal
