{
  "name": "leetcode",
  "version": "1.0.0",
  "lockfileVersion": 1,
  "requires": true,
  "dependencies": {
    "powerfp": {
      "version": "0.0.3",
      "resolved": "https://registry.npmjs.org/powerfp/-/powerfp-0.0.3.tgz",
      "integrity": "sha512-GeA6EsfhFDvaBOWn+7YLkK4yypLbsN7i5IOVxNqCOoSCg/jV1x/1o934d3IjvVBvW3eQNFiIafWZALGbUAZBnA=="
    },
    "powerseq": {
      "version": "1.0.4",
      "resolved": "https://registry.npmjs.org/powerseq/-/powerseq-1.0.4.tgz",
      "integrity": "sha512-xbelsiLY8WVi0W2OImMBLGwghC6KgEj2i2ymbrFrC7C0ng+LVF6hJ8CzHHmdWZ7a/mIPRqDLGLje/vLqR/3IeQ==",
      "requires": {
        "tslib": "^1.9.0"
      }
    },
    "tslib": {
      "version": "1.14.1",
      "resolved": "https://registry.npmjs.org/tslib/-/tslib-1.14.1.tgz",
      "integrity": "sha512-Xni35NKzjgMrwevysHTCArtLDpPvye8zV/0E4EyYn43P7/7qvQwPh9BGkHewbMulVntbigmcT7rdX3BNo9wRJg=="
    }
  }
}
