
Microsoft Visual Studio Solution File, Format Version 12.00
# Visual Studio Version 16
VisualStudioVersion = 16.0.30114.105
MinimumVisualStudioVersion = 10.0.40219.1
Project("{FAE04EC0-301F-11D3-BF4B-00C04F79EFBC}") = "MonadsInCSharp", "MonadsInCSharp\MonadsInCSharp.csproj", "{0003AEB7-0ACE-4F0F-AD13-DE623950D975}"
EndProject
Project("{FAE04EC0-301F-11D3-BF4B-00C04F79EFBC}") = "MonadsInCSharp.Tests", "MonadsInCSharp.Tests\MonadsInCSharp.Tests.csproj", "{67CC0BC2-D4DD-40DE-89D9-63C37CE62867}"
EndProject
Global
	GlobalSection(SolutionConfigurationPlatforms) = preSolution
		Debug|Any CPU = Debug|Any CPU
		Release|Any CPU = Release|Any CPU
	EndGlobalSection
	GlobalSection(SolutionProperties) = preSolution
		HideSolutionNode = FALSE
	EndGlobalSection
	GlobalSection(ProjectConfigurationPlatforms) = postSolution
		{0003AEB7-0ACE-4F0F-AD13-DE623950D975}.Debug|Any CPU.ActiveCfg = Debug|Any CPU
		{0003AEB7-0ACE-4F0F-AD13-DE623950D975}.Debug|Any CPU.Build.0 = Debug|Any CPU
		{0003AEB7-0ACE-4F0F-AD13-DE623950D975}.Release|Any CPU.ActiveCfg = Release|Any CPU
		{0003AEB7-0ACE-4F0F-AD13-DE623950D975}.Release|Any CPU.Build.0 = Release|Any CPU
		{67CC0BC2-D4DD-40DE-89D9-63C37CE62867}.Debug|Any CPU.ActiveCfg = Debug|Any CPU
		{67CC0BC2-D4DD-40DE-89D9-63C37CE62867}.Debug|Any CPU.Build.0 = Debug|Any CPU
		{67CC0BC2-D4DD-40DE-89D9-63C37CE62867}.Release|Any CPU.ActiveCfg = Release|Any CPU
		{67CC0BC2-D4DD-40DE-89D9-63C37CE62867}.Release|Any CPU.Build.0 = Release|Any CPU
	EndGlobalSection
EndGlobal
