
Microsoft Visual Studio Solution File, Format Version 12.00
# Visual Studio Version 16
VisualStudioVersion = 16.0.30114.105
MinimumVisualStudioVersion = 10.0.40219.1
Project("{F2A71F9B-5D33-465A-A702-920D77279786}") = "LeetCode", "LeetCode\LeetCode.fsproj", "{314795DC-2551-4115-B3B0-F33D1A512691}"
EndProject
Project("{F2A71F9B-5D33-465A-A702-920D77279786}") = "LeetCode.Tests", "LeetCode.Tests\LeetCode.Tests.fsproj", "{FD31C884-71DE-41D5-8902-6195236C9C06}"
EndProject
Global
	GlobalSection(SolutionConfigurationPlatforms) = preSolution
		Debug|Any CPU = Debug|Any CPU
		Release|Any CPU = Release|Any CPU
	EndGlobalSection
	GlobalSection(SolutionProperties) = preSolution
		HideSolutionNode = FALSE
	EndGlobalSection
	GlobalSection(ProjectConfigurationPlatforms) = postSolution
		{314795DC-2551-4115-B3B0-F33D1A512691}.Debug|Any CPU.ActiveCfg = Debug|Any CPU
		{314795DC-2551-4115-B3B0-F33D1A512691}.Debug|Any CPU.Build.0 = Debug|Any CPU
		{314795DC-2551-4115-B3B0-F33D1A512691}.Release|Any CPU.ActiveCfg = Release|Any CPU
		{314795DC-2551-4115-B3B0-F33D1A512691}.Release|Any CPU.Build.0 = Release|Any CPU
		{FD31C884-71DE-41D5-8902-6195236C9C06}.Debug|Any CPU.ActiveCfg = Debug|Any CPU
		{FD31C884-71DE-41D5-8902-6195236C9C06}.Debug|Any CPU.Build.0 = Debug|Any CPU
		{FD31C884-71DE-41D5-8902-6195236C9C06}.Release|Any CPU.ActiveCfg = Release|Any CPU
		{FD31C884-71DE-41D5-8902-6195236C9C06}.Release|Any CPU.Build.0 = Release|Any CPU
	EndGlobalSection
EndGlobal
